
Microsoft Visual Studio Solution File, Format Version 12.00
# Visual Studio Version 16
VisualStudioVersion = 16.0.32228.343
MinimumVisualStudioVersion = 10.0.40219.1
Project("{9A19103F-16F7-4668-BE54-9A1E7A4F7556}") = "ProgramacaoZero.Api", "ProgramacaoZero.Api\ProgramacaoZero.Api.csproj", "{12F8FFCD-7481-41A7-9844-6E67A4BD6BD3}"
EndProject
Project("{2150E333-8FDC-42A3-9474-1A3956D46DE8}") = "DbScripts", "DbScripts", "{3D66A665-334B-42C0-A31B-C699D9AC2185}"
	ProjectSection(SolutionItems) = preProject
		Criacao.sql = Criacao.sql
	EndProjectSection
EndProject
Global
	GlobalSection(SolutionConfigurationPlatforms) = preSolution
		Debug|Any CPU = Debug|Any CPU
		Release|Any CPU = Release|Any CPU
	EndGlobalSection
	GlobalSection(ProjectConfigurationPlatforms) = postSolution
		{12F8FFCD-7481-41A7-9844-6E67A4BD6BD3}.Debug|Any CPU.ActiveCfg = Debug|Any CPU
		{12F8FFCD-7481-41A7-9844-6E67A4BD6BD3}.Debug|Any CPU.Build.0 = Debug|Any CPU
		{12F8FFCD-7481-41A7-9844-6E67A4BD6BD3}.Release|Any CPU.ActiveCfg = Release|Any CPU
		{12F8FFCD-7481-41A7-9844-6E67A4BD6BD3}.Release|Any CPU.Build.0 = Release|Any CPU
	EndGlobalSection
	GlobalSection(SolutionProperties) = preSolution
		HideSolutionNode = FALSE
	EndGlobalSection
	GlobalSection(ExtensibilityGlobals) = postSolution
		SolutionGuid = {79DFEB1C-DA5D-4181-980D-19FD0801D721}
	EndGlobalSection
EndGlobal
